
Microsoft Visual Studio Solution File, Format Version 12.00
# Visual Studio Version 17
VisualStudioVersion = 17.0.31717.71
MinimumVisualStudioVersion = 10.0.40219.1
Project("{9A19103F-16F7-4668-BE54-9A1E7A4F7556}") = "AssemblyBrowser", "AssemblyBrowser\AssemblyBrowser.csproj", "{5097C06A-22C9-4366-860F-AF6EBC49E739}"
EndProject
Project("{FAE04EC0-301F-11D3-BF4B-00C04F79EFBC}") = "LogBuffer", "LogBuffer\LogBuffer.csproj", "{71144CC0-7F22-46F6-8883-6FDB45FD1D9E}"
EndProject
Global
	GlobalSection(SolutionConfigurationPlatforms) = preSolution
		Debug|Any CPU = Debug|Any CPU
		Release|Any CPU = Release|Any CPU
	EndGlobalSection
	GlobalSection(ProjectConfigurationPlatforms) = postSolution
		{5097C06A-22C9-4366-860F-AF6EBC49E739}.Debug|Any CPU.ActiveCfg = Debug|Any CPU
		{5097C06A-22C9-4366-860F-AF6EBC49E739}.Debug|Any CPU.Build.0 = Debug|Any CPU
		{5097C06A-22C9-4366-860F-AF6EBC49E739}.Release|Any CPU.ActiveCfg = Release|Any CPU
		{5097C06A-22C9-4366-860F-AF6EBC49E739}.Release|Any CPU.Build.0 = Release|Any CPU
		{71144CC0-7F22-46F6-8883-6FDB45FD1D9E}.Debug|Any CPU.ActiveCfg = Debug|Any CPU
		{71144CC0-7F22-46F6-8883-6FDB45FD1D9E}.Debug|Any CPU.Build.0 = Debug|Any CPU
		{71144CC0-7F22-46F6-8883-6FDB45FD1D9E}.Release|Any CPU.ActiveCfg = Release|Any CPU
		{71144CC0-7F22-46F6-8883-6FDB45FD1D9E}.Release|Any CPU.Build.0 = Release|Any CPU
	EndGlobalSection
	GlobalSection(SolutionProperties) = preSolution
		HideSolutionNode = FALSE
	EndGlobalSection
	GlobalSection(ExtensibilityGlobals) = postSolution
		SolutionGuid = {C4FE06AF-742C-4734-B961-6B6D5D8E5BB1}
	EndGlobalSection
EndGlobal
